// !$*UTF8*$!
{
	archiveVersion = 1;
	classes = {
	};
	objectVersion = 52;
	objects = {

/* Begin PBXBuildFile section */
		6A269ADD26E923D0006DC8A9 /* PhotosModel.swift in Sources */ = {isa = PBXBuildFile; fileRef = 6A269ADC26E923D0006DC8A9 /* PhotosModel.swift */; };
		6AC313B726E8210200A857E7 /* UnSplash_ApiApp.swift in Sources */ = {isa = PBXBuildFile; fileRef = 6AC313B626E8210200A857E7 /* UnSplash_ApiApp.swift */; };
		6AC313B926E8210200A857E7 /* ContentView.swift in Sources */ = {isa = PBXBuildFile; fileRef = 6AC313B826E8210200A857E7 /* ContentView.swift */; };
		6AC313BB26E8210400A857E7 /* Assets.xcassets in Resources */ = {isa = PBXBuildFile; fileRef = 6AC313BA26E8210400A857E7 /* Assets.xcassets */; };
		6AC313BE26E8210400A857E7 /* Preview Assets.xcassets in Resources */ = {isa = PBXBuildFile; fileRef = 6AC313BD26E8210400A857E7 /* Preview Assets.xcassets */; };
		6AC313C726E822D500A857E7 /* SDWebImageSwiftUI in Frameworks */ = {isa = PBXBuildFile; productRef = 6AC313C626E822D500A857E7 /* SDWebImageSwiftUI */; };
/* End PBXBuildFile section */

/* Begin PBXFileReference section */
		6A269ADC26E923D0006DC8A9 /* PhotosModel.swift */ = {isa = PBXFileReference; lastKnownFileType = sourcecode.swift; path = PhotosModel.swift; sourceTree = "<group>"; };
		6AC313B326E8210200A857E7 /* UnSplash Api.app */ = {isa = PBXFileReference; explicitFileType = wrapper.application; includeInIndex = 0; path = "UnSplash Api.app"; sourceTree = BUILT_PRODUCTS_DIR; };
		6AC313B626E8210200A857E7 /* UnSplash_ApiApp.swift */ = {isa = PBXFileReference; lastKnownFileType = sourcecode.swift; path = UnSplash_ApiApp.swift; sourceTree = "<group>"; };
		6AC313B826E8210200A857E7 /* ContentView.swift */ = {isa = PBXFileReference; lastKnownFileType = sourcecode.swift; path = ContentView.swift; sourceTree = "<group>"; };
		6AC313BA26E8210400A857E7 /* Assets.xcassets */ = {isa = PBXFileReference; lastKnownFileType = folder.assetcatalog; path = Assets.xcassets; sourceTree = "<group>"; };
		6AC313BD26E8210400A857E7 /* Preview Assets.xcassets */ = {isa = PBXFileReference; lastKnownFileType = folder.assetcatalog; path = "Preview Assets.xcassets"; sourceTree = "<group>"; };
		6AC313BF26E8210400A857E7 /* Info.plist */ = {isa = PBXFileReference; lastKnownFileType = text.plist.xml; path = Info.plist; sourceTree = "<group>"; };
/* End PBXFileReference section */

/* Begin PBXFrameworksBuildPhase section */
		6AC313B026E8210200A857E7 /* Frameworks */ = {
			isa = PBXFrameworksBuildPhase;
			buildActionMask = 2147483647;
			files = (
				6AC313C726E822D500A857E7 /* SDWebImageSwiftUI in Frameworks */,
			);
			runOnlyForDeploymentPostprocessing = 0;
		};
/* End PBXFrameworksBuildPhase section */

/* Begin PBXGroup section */
		6A269AD926E922EB006DC8A9 /* Model */ = {
			isa = PBXGroup;
			children = (
				6A269ADC26E923D0006DC8A9 /* PhotosModel.swift */,
			);
			name = Model;
			sourceTree = "<group>";
		};
		6A269ADA26E922F4006DC8A9 /* View */ = {
			isa = PBXGroup;
			children = (
			);
			name = View;
			sourceTree = "<group>";
		};
		6A269ADB26E922F9006DC8A9 /* Controller */ = {
			isa = PBXGroup;
			children = (
			);
			path = Controller;
			sourceTree = "<group>";
		};
		6AC313AA26E8210200A857E7 = {
			isa = PBXGroup;
			children = (
				6AC313B526E8210200A857E7 /* UnSplash Api */,
				6AC313B426E8210200A857E7 /* Products */,
			);
			sourceTree = "<group>";
		};
		6AC313B426E8210200A857E7 /* Products */ = {
			isa = PBXGroup;
			children = (
				6AC313B326E8210200A857E7 /* UnSplash Api.app */,
			);
			name = Products;
			sourceTree = "<group>";
		};
		6AC313B526E8210200A857E7 /* UnSplash Api */ = {
			isa = PBXGroup;
			children = (
				6A269ADB26E922F9006DC8A9 /* Controller */,
				6A269ADA26E922F4006DC8A9 /* View */,
				6A269AD926E922EB006DC8A9 /* Model */,
				6AC313B626E8210200A857E7 /* UnSplash_ApiApp.swift */,
				6AC313B826E8210200A857E7 /* ContentView.swift */,
				6AC313BA26E8210400A857E7 /* Assets.xcassets */,
				6AC313BF26E8210400A857E7 /* Info.plist */,
				6AC313BC26E8210400A857E7 /* Preview Content */,
			);
			path = "UnSplash Api";
			sourceTree = "<group>";
		};
		6AC313BC26E8210400A857E7 /* Preview Content */ = {
			isa = PBXGroup;
			children = (
				6AC313BD26E8210400A857E7 /* Preview Assets.xcassets */,
			);
			path = "Preview Content";
			sourceTree = "<group>";
		};
/* End PBXGroup section */

/* Begin PBXNativeTarget section */
		6AC313B226E8210200A857E7 /* UnSplash Api */ = {
			isa = PBXNativeTarget;
			buildConfigurationList = 6AC313C226E8210400A857E7 /* Build configuration list for PBXNativeTarget "UnSplash Api" */;
			buildPhases = (
				6AC313AF26E8210200A857E7 /* Sources */,
				6AC313B026E8210200A857E7 /* Frameworks */,
				6AC313B126E8210200A857E7 /* Resources */,
			);
			buildRules = (
			);
			dependencies = (
			);
			name = "UnSplash Api";
			packageProductDependencies = (
				6AC313C626E822D500A857E7 /* SDWebImageSwiftUI */,
			);
			productName = "UnSplash Api";
			productReference = 6AC313B326E8210200A857E7 /* UnSplash Api.app */;
			productType = "com.apple.product-type.application";
		};
/* End PBXNativeTarget section */

/* Begin PBXProject section */
		6AC313AB26E8210200A857E7 /* Project object */ = {
			isa = PBXProject;
			attributes = {
				LastSwiftUpdateCheck = 1250;
				LastUpgradeCheck = 1250;
				TargetAttributes = {
					6AC313B226E8210200A857E7 = {
						CreatedOnToolsVersion = 12.5.1;
					};
				};
			};
			buildConfigurationList = 6AC313AE26E8210200A857E7 /* Build configuration list for PBXProject "UnSplash Api" */;
			compatibilityVersion = "Xcode 9.3";
			developmentRegion = en;
			hasScannedForEncodings = 0;
			knownRegions = (
				en,
				Base,
			);
			mainGroup = 6AC313AA26E8210200A857E7;
			packageReferences = (
				6AC313C526E822D500A857E7 /* XCRemoteSwiftPackageReference "SDWebImageSwiftUI" */,
			);
			productRefGroup = 6AC313B426E8210200A857E7 /* Products */;
			projectDirPath = "";
			projectRoot = "";
			targets = (
				6AC313B226E8210200A857E7 /* UnSplash Api */,
			);
		};
/* End PBXProject section */

/* Begin PBXResourcesBuildPhase section */
		6AC313B126E8210200A857E7 /* Resources */ = {
			isa = PBXResourcesBuildPhase;
			buildActionMask = 2147483647;
			files = (
				6AC313BE26E8210400A857E7 /* Preview Assets.xcassets in Resources */,
				6AC313BB26E8210400A857E7 /* Assets.xcassets in Resources */,
			);
			runOnlyForDeploymentPostprocessing = 0;
		};
/* End PBXResourcesBuildPhase section */

/* Begin PBXSourcesBuildPhase section */
		6AC313AF26E8210200A857E7 /* Sources */ = {
			isa = PBXSourcesBuildPhase;
			buildActionMask = 2147483647;
			files = (
				6AC313B926E8210200A857E7 /* ContentView.swift in Sources */,
				6AC313B726E8210200A857E7 /* UnSplash_ApiApp.swift in Sources */,
				6A269ADD26E923D0006DC8A9 /* PhotosModel.swift in Sources */,
			);
			runOnlyForDeploymentPostprocessing = 0;
		};
/* End PBXSourcesBuildPhase section */

/* Begin XCBuildConfiguration section */
		6AC313C026E8210400A857E7 /* Debug */ = {
			isa = XCBuildConfiguration;
			buildSettings = {
				ALWAYS_SEARCH_USER_PATHS = NO;
				CLANG_ANALYZER_NONNULL = YES;
				CLANG_ANALYZER_NUMBER_OBJECT_CONVERSION = YES_AGGRESSIVE;
				CLANG_CXX_LANGUAGE_STANDARD = "gnu++14";
				CLANG_CXX_LIBRARY = "libc++";
				CLANG_ENABLE_MODULES = YES;
				CLANG_ENABLE_OBJC_ARC = YES;
				CLANG_ENABLE_OBJC_WEAK = YES;
				CLANG_WARN_BLOCK_CAPTURE_AUTORELEASING = YES;
				CLANG_WARN_BOOL_CONVERSION = YES;
				CLANG_WARN_COMMA = YES;
				CLANG_WARN_CONSTANT_CONVERSION = YES;
				CLANG_WARN_DEPRECATED_OBJC_IMPLEMENTATIONS = YES;
				CLANG_WARN_DIRECT_OBJC_ISA_USAGE = YES_ERROR;
				CLANG_WARN_DOCUMENTATION_COMMENTS = YES;
				CLANG_WARN_EMPTY_BODY = YES;
				CLANG_WARN_ENUM_CONVERSION = YES;
				CLANG_WARN_INFINITE_RECURSION = YES;
				CLANG_WARN_INT_CONVERSION = YES;
				CLANG_WARN_NON_LITERAL_NULL_CONVERSION = YES;
				CLANG_WARN_OBJC_IMPLICIT_RETAIN_SELF = YES;
				CLANG_WARN_OBJC_LITERAL_CONVERSION = YES;
				CLANG_WARN_OBJC_ROOT_CLASS = YES_ERROR;
				CLANG_WARN_QUOTED_INCLUDE_IN_FRAMEWORK_HEADER = YES;
				CLANG_WARN_RANGE_LOOP_ANALYSIS = YES;
				CLANG_WARN_STRICT_PROTOTYPES = YES;
				CLANG_WARN_SUSPICIOUS_MOVE = YES;
				CLANG_WARN_UNGUARDED_AVAILABILITY = YES_AGGRESSIVE;
				CLANG_WARN_UNREACHABLE_CODE = YES;
				CLANG_WARN__DUPLICATE_METHOD_MATCH = YES;
				COPY_PHASE_STRIP = NO;
				DEBUG_INFORMATION_FORMAT = dwarf;
				ENABLE_STRICT_OBJC_MSGSEND = YES;
				ENABLE_TESTABILITY = YES;
				GCC_C_LANGUAGE_STANDARD = gnu11;
				GCC_DYNAMIC_NO_PIC = NO;
				GCC_NO_COMMON_BLOCKS = YES;
				GCC_OPTIMIZATION_LEVEL = 0;
				GCC_PREPROCESSOR_DEFINITIONS = (
					"DEBUG=1",
					"$(inherited)",
				);
				GCC_WARN_64_TO_32_BIT_CONVERSION = YES;
				GCC_WARN_ABOUT_RETURN_TYPE = YES_ERROR;
				GCC_WARN_UNDECLARED_SELECTOR = YES;
				GCC_WARN_UNINITIALIZED_AUTOS = YES_AGGRESSIVE;
				GCC_WARN_UNUSED_FUNCTION = YES;
				GCC_WARN_UNUSED_VARIABLE = YES;
				IPHONEOS_DEPLOYMENT_TARGET = 14.5;
				MTL_ENABLE_DEBUG_INFO = INCLUDE_SOURCE;
				MTL_FAST_MATH = YES;
				ONLY_ACTIVE_ARCH = YES;
				SDKROOT = iphoneos;
				SWIFT_ACTIVE_COMPILATION_CONDITIONS = DEBUG;
				SWIFT_OPTIMIZATION_LEVEL = "-Onone";
			};
			name = Debug;
		};
		6AC313C126E8210400A857E7 /* Release */ = {
			isa = XCBuildConfiguration;
			buildSettings = {
				ALWAYS_SEARCH_USER_PATHS = NO;
				CLANG_ANALYZER_NONNULL = YES;
				CLANG_ANALYZER_NUMBER_OBJECT_CONVERSION = YES_AGGRESSIVE;
				CLANG_CXX_LANGUAGE_STANDARD = "gnu++14";
				CLANG_CXX_LIBRARY = "libc++";
				CLANG_ENABLE_MODULES = YES;
				CLANG_ENABLE_OBJC_ARC = YES;
				CLANG_ENABLE_OBJC_WEAK = YES;
				CLANG_WARN_BLOCK_CAPTURE_AUTORELEASING = YES;
				CLANG_WARN_BOOL_CONVERSION = YES;
				CLANG_WARN_COMMA = YES;
				CLANG_WARN_CONSTANT_CONVERSION = YES;
				CLANG_WARN_DEPRECATED_OBJC_IMPLEMENTATIONS = YES;
				CLANG_WARN_DIRECT_OBJC_ISA_USAGE = YES_ERROR;
				CLANG_WARN_DOCUMENTATION_COMMENTS = YES;
				CLANG_WARN_EMPTY_BODY = YES;
				CLANG_WARN_ENUM_CONVERSION = YES;
				CLANG_WARN_INFINITE_RECURSION = YES;
				CLANG_WARN_INT_CONVERSION = YES;
				CLANG_WARN_NON_LITERAL_NULL_CONVERSION = YES;
				CLANG_WARN_OBJC_IMPLICIT_RETAIN_SELF = YES;
				CLANG_WARN_OBJC_LITERAL_CONVERSION = YES;
				CLANG_WARN_OBJC_ROOT_CLASS = YES_ERROR;
				CLANG_WARN_QUOTED_INCLUDE_IN_FRAMEWORK_HEADER = YES;
				CLANG_WARN_RANGE_LOOP_ANALYSIS = YES;
				CLANG_WARN_STRICT_PROTOTYPES = YES;
				CLANG_WARN_SUSPICIOUS_MOVE = YES;
				CLANG_WARN_UNGUARDED_AVAILABILITY = YES_AGGRESSIVE;
				CLANG_WARN_UNREACHABLE_CODE = YES;
				CLANG_WARN__DUPLICATE_METHOD_MATCH = YES;
				COPY_PHASE_STRIP = NO;
				DEBUG_INFORMATION_FORMAT = "dwarf-with-dsym";
				ENABLE_NS_ASSERTIONS = NO;
				ENABLE_STRICT_OBJC_MSGSEND = YES;
				GCC_C_LANGUAGE_STANDARD = gnu11;
				GCC_NO_COMMON_BLOCKS = YES;
				GCC_WARN_64_TO_32_BIT_CONVERSION = YES;
				GCC_WARN_ABOUT_RETURN_TYPE = YES_ERROR;
				GCC_WARN_UNDECLARED_SELECTOR = YES;
				GCC_WARN_UNINITIALIZED_AUTOS = YES_AGGRESSIVE;
				GCC_WARN_UNUSED_FUNCTION = YES;
				GCC_WARN_UNUSED_VARIABLE = YES;
				IPHONEOS_DEPLOYMENT_TARGET = 14.5;
				MTL_ENABLE_DEBUG_INFO = NO;
				MTL_FAST_MATH = YES;
				SDKROOT = iphoneos;
				SWIFT_COMPILATION_MODE = wholemodule;
				SWIFT_OPTIMIZATION_LEVEL = "-O";
				VALIDATE_PRODUCT = YES;
			};
			name = Release;
		};
		6AC313C326E8210400A857E7 /* Debug */ = {
			isa = XCBuildConfiguration;
			buildSettings = {
				ASSETCATALOG_COMPILER_APPICON_NAME = AppIcon;
				ASSETCATALOG_COMPILER_GLOBAL_ACCENT_COLOR_NAME = AccentColor;
				CODE_SIGN_STYLE = Automatic;
				DEVELOPMENT_ASSET_PATHS = "\"UnSplash Api/Preview Content\"";
				DEVELOPMENT_TEAM = 8783BQXMA7;
				ENABLE_PREVIEWS = YES;
				INFOPLIST_FILE = "UnSplash Api/Info.plist";
				IPHONEOS_DEPLOYMENT_TARGET = 14.0;
				LD_RUNPATH_SEARCH_PATHS = (
					"$(inherited)",
					"@executable_path/Frameworks",
				);
				PRODUCT_BUNDLE_IDENTIFIER = "com.ilies.ios.UnSplash-Api";
				PRODUCT_NAME = "$(TARGET_NAME)";
				SWIFT_VERSION = 5.0;
				TARGETED_DEVICE_FAMILY = "1,2";
			};
			name = Debug;
		};
		6AC313C426E8210400A857E7 /* Release */ = {
			isa = XCBuildConfiguration;
			buildSettings = {
				ASSETCATALOG_COMPILER_APPICON_NAME = AppIcon;
				ASSETCATALOG_COMPILER_GLOBAL_ACCENT_COLOR_NAME = AccentColor;
				CODE_SIGN_STYLE = Automatic;
				DEVELOPMENT_ASSET_PATHS = "\"UnSplash Api/Preview Content\"";
				DEVELOPMENT_TEAM = 8783BQXMA7;
				ENABLE_PREVIEWS = YES;
				INFOPLIST_FILE = "UnSplash Api/Info.plist";
				IPHONEOS_DEPLOYMENT_TARGET = 14.0;
				LD_RUNPATH_SEARCH_PATHS = (
					"$(inherited)",
					"@executable_path/Frameworks",
				);
				PRODUCT_BUNDLE_IDENTIFIER = "com.ilies.ios.UnSplash-Api";
				PRODUCT_NAME = "$(TARGET_NAME)";
				SWIFT_VERSION = 5.0;
				TARGETED_DEVICE_FAMILY = "1,2";
			};
			name = Release;
		};
/* End XCBuildConfiguration section */

/* Begin XCConfigurationList section */
		6AC313AE26E8210200A857E7 /* Build configuration list for PBXProject "UnSplash Api" */ = {
			isa = XCConfigurationList;
			buildConfigurations = (
				6AC313C026E8210400A857E7 /* Debug */,
				6AC313C126E8210400A857E7 /* Release */,
			);
			defaultConfigurationIsVisible = 0;
			defaultConfigurationName = Release;
		};
		6AC313C226E8210400A857E7 /* Build configuration list for PBXNativeTarget "UnSplash Api" */ = {
			isa = XCConfigurationList;
			buildConfigurations = (
				6AC313C326E8210400A857E7 /* Debug */,
				6AC313C426E8210400A857E7 /* Release */,
			);
			defaultConfigurationIsVisible = 0;
			defaultConfigurationName = Release;
		};
/* End XCConfigurationList section */

/* Begin XCRemoteSwiftPackageReference section */
		6AC313C526E822D500A857E7 /* XCRemoteSwiftPackageReference "SDWebImageSwiftUI" */ = {
			isa = XCRemoteSwiftPackageReference;
			repositoryURL = "https://github.com/SDWebImage/SDWebImageSwiftUI.git";
			requirement = {
				kind = upToNextMajorVersion;
				minimumVersion = 2.0.2;
			};
		};
/* End XCRemoteSwiftPackageReference section */

/* Begin XCSwiftPackageProductDependency section */
		6AC313C626E822D500A857E7 /* SDWebImageSwiftUI */ = {
			isa = XCSwiftPackageProductDependency;
			package = 6AC313C526E822D500A857E7 /* XCRemoteSwiftPackageReference "SDWebImageSwiftUI" */;
			productName = SDWebImageSwiftUI;
		};
/* End XCSwiftPackageProductDependency section */
	};
	rootObject = 6AC313AB26E8210200A857E7 /* Project object */;
}
